
Microsoft Visual Studio Solution File, Format Version 12.00
# Visual Studio Version 18
VisualStudioVersion = 18.6.11806.211 stable
MinimumVisualStudioVersion = 10.0.40219.1
Project("{FAE04EC0-301F-11D3-BF4B-00C04F79EFBC}") = "GameOcrOverlay", "GameOcrOverlay.csproj", "{FE879DF8-8B57-EE93-460B-437D23D5CCAE}"
EndProject
Global
	GlobalSection(SolutionConfigurationPlatforms) = preSolution
		Debug|Any CPU = Debug|Any CPU
		Release|Any CPU = Release|Any CPU
	EndGlobalSection
	GlobalSection(ProjectConfigurationPlatforms) = postSolution
		{FE879DF8-8B57-EE93-460B-437D23D5CCAE}.Debug|Any CPU.ActiveCfg = Debug|Any CPU
		{FE879DF8-8B57-EE93-460B-437D23D5CCAE}.Debug|Any CPU.Build.0 = Debug|Any CPU
		{FE879DF8-8B57-EE93-460B-437D23D5CCAE}.Release|Any CPU.ActiveCfg = Release|Any CPU
		{FE879DF8-8B57-EE93-460B-437D23D5CCAE}.Release|Any CPU.Build.0 = Release|Any CPU
	EndGlobalSection
	GlobalSection(SolutionProperties) = preSolution
		HideSolutionNode = FALSE
	EndGlobalSection
	GlobalSection(ExtensibilityGlobals) = postSolution
		SolutionGuid = {3000E85E-DC6B-44A0-B4FC-1A3BC6BF2143}
	EndGlobalSection
EndGlobal
